{
  "nodes": {
    "capacitor": {
      "inputs": {
        "nixpkgs": "nixpkgs",
        "root": []
      },
      "locked": {
        "lastModified": 1663325882,
        "narHash": "sha256-UMojTauKcNi226FC2u1zsDMsDcGg2tHJUzqFcpYVzuo=",
        "owner": "flox",
        "repo": "capacitor",
        "rev": "ef4cf55c6bd6d243a617d0a9826ca531f50b5585",
        "type": "github"
      },
      "original": {
        "owner": "flox",
        "ref": "v0",
        "repo": "capacitor",
        "type": "github"
      }
    },
    "flox-extras": {
      "inputs": {
        "capacitor": [
          "capacitor"
        ]
      },
      "locked": {
        "lastModified": 1663604438,
        "narHash": "sha256-j8jelVexp3IGQmgmtiaBxf4kyZ+IBqLQ6qOqCR78Nkk=",
        "owner": "flox",
        "repo": "flox-extras",
        "rev": "5a016583f8995718d9795b54350f284cfddc1d35",
        "type": "github"
      },
      "original": {
        "owner": "flox",
        "repo": "flox-extras",
        "type": "github"
      }
    },
    "nixpkgs": {
      "locked": {
        "lastModified": 1661239211,
        "narHash": "sha256-pNJzBlSNpWEiFJZnLF2oETYq8cGWx1DJPW33aMtG6n8=",
        "owner": "flox",
        "repo": "nixpkgs",
        "rev": "5e804cd8a27f835a402b22e086e36e797716ef8b",
        "type": "github"
      },
      "original": {
        "owner": "flox",
        "ref": "stable",
        "repo": "nixpkgs",
        "type": "github"
      }
    },
    "nixpkgs-stable": {
      "locked": {
        "lastModified": 1661239211,
        "narHash": "sha256-pNJzBlSNpWEiFJZnLF2oETYq8cGWx1DJPW33aMtG6n8=",
        "owner": "flox",
        "repo": "nixpkgs",
        "rev": "5e804cd8a27f835a402b22e086e36e797716ef8b",
        "type": "github"
      },
      "original": {
        "owner": "flox",
        "ref": "stable",
        "repo": "nixpkgs",
        "type": "github"
      }
    },
    "nixpkgs-staging": {
      "locked": {
        "lastModified": 1662019588,
        "narHash": "sha256-oPEjHKGGVbBXqwwL+UjsveJzghWiWV0n9ogo1X6l4cw=",
        "owner": "flox",
        "repo": "nixpkgs",
        "rev": "2da64a81275b68fdad38af669afeda43d401e94b",
        "type": "github"
      },
      "original": {
        "owner": "flox",
        "ref": "staging",
        "repo": "nixpkgs",
        "type": "github"
      }
    },
    "nixpkgs-unstable": {
      "locked": {
        "lastModified": 1662019588,
        "narHash": "sha256-oPEjHKGGVbBXqwwL+UjsveJzghWiWV0n9ogo1X6l4cw=",
        "owner": "flox",
        "repo": "nixpkgs",
        "rev": "2da64a81275b68fdad38af669afeda43d401e94b",
        "type": "github"
      },
      "original": {
        "owner": "flox",
        "ref": "unstable",
        "repo": "nixpkgs",
        "type": "github"
      }
    },
    "nixpkgs__catalog__aarch64-darwin": {
      "flake": false,
      "locked": {
        "lastModified": 1663618915,
        "narHash": "sha256-PH+B54Gc4AQl4/Q42+0aG5wzhYVOVp1wPoMvi/IqcMI=",
        "owner": "flox",
        "repo": "nixpkgs-catalog",
        "rev": "f6dc80b75af81ab857a897b082a0b92c0eb93d4e",
        "type": "github"
      },
      "original": {
        "owner": "flox",
        "ref": "aarch64-darwin",
        "repo": "nixpkgs-catalog",
        "type": "github"
      }
    },
    "nixpkgs__catalog__aarch64-linux": {
      "flake": false,
      "locked": {
        "lastModified": 1663624810,
        "narHash": "sha256-CAV4kNX3ucB7CFtQ/B+nY84L1kPVaALwxIUZIt/IACU=",
        "owner": "flox",
        "repo": "nixpkgs-catalog",
        "rev": "f39247bd28ba97616e298a5ceebafb0a6b32df76",
        "type": "github"
      },
      "original": {
        "owner": "flox",
        "ref": "aarch64-linux",
        "repo": "nixpkgs-catalog",
        "type": "github"
      }
    },
    "nixpkgs__catalog__x86_64-darwin": {
      "flake": false,
      "locked": {
        "lastModified": 1663618700,
        "narHash": "sha256-LU+crFkkZyrEEJ4yBQfEFzC5HolXPD1zOU1TgzoQV9s=",
        "owner": "flox",
        "repo": "nixpkgs-catalog",
        "rev": "72a6ed6eb9ab986405e1a6be42d91478b92ac4cf",
        "type": "github"
      },
      "original": {
        "owner": "flox",
        "ref": "x86_64-darwin",
        "repo": "nixpkgs-catalog",
        "type": "github"
      }
    },
    "nixpkgs__catalog__x86_64-linux": {
      "flake": false,
      "locked": {
        "lastModified": 1663618873,
        "narHash": "sha256-wVYZR7TdO2WxOZ/bTHTNxPyGpjIX0GrzxoRQQHzh/RQ=",
        "owner": "flox",
        "repo": "nixpkgs-catalog",
        "rev": "61a127f8e371d74abe9a72784c789018bf7cb3b1",
        "type": "github"
      },
      "original": {
        "owner": "flox",
        "ref": "x86_64-linux",
        "repo": "nixpkgs-catalog",
        "type": "github"
      }
    },
    "root": {
      "inputs": {
        "capacitor": "capacitor",
        "flox-extras": "flox-extras",
        "nixpkgs": [
          "nixpkgs-stable"
        ],
        "nixpkgs-stable": "nixpkgs-stable",
        "nixpkgs-staging": "nixpkgs-staging",
        "nixpkgs-unstable": "nixpkgs-unstable",
        "nixpkgs__catalog__aarch64-darwin": "nixpkgs__catalog__aarch64-darwin",
        "nixpkgs__catalog__aarch64-linux": "nixpkgs__catalog__aarch64-linux",
        "nixpkgs__catalog__x86_64-darwin": "nixpkgs__catalog__x86_64-darwin",
        "nixpkgs__catalog__x86_64-linux": "nixpkgs__catalog__x86_64-linux"
      }
    }
  },
  "root": "root",
  "version": 7
}
