{
  "nodes": {
    "capacitor": {
      "inputs": {
        "nixpkgs": "nixpkgs",
        "root": []
      },
      "locked": {
        "lastModified": 1665065733,
        "narHash": "sha256-rc3RbwGSkcvhW/UUQ+CzoY/C66yPlTIlwv8M+m4NHvo=",
        "owner": "flox",
        "repo": "capacitor",
        "rev": "830a026092dbed052442af65f0a5f03a458076e5",
        "type": "github"
      },
      "original": {
        "owner": "flox",
        "ref": "v0",
        "repo": "capacitor",
        "type": "github"
      }
    },
    "flox-extras": {
      "inputs": {
        "capacitor": [
          "capacitor"
        ]
      },
      "locked": {
        "lastModified": 1668451839,
        "narHash": "sha256-3+2tbchvoHC3W0Ex99/sDq4E+fWOWu2p33y0/eIVqbM=",
        "owner": "flox",
        "repo": "flox-extras",
        "rev": "dd7569dd8c0c38d5198835a93bbcfd25549ef31e",
        "type": "github"
      },
      "original": {
        "owner": "flox",
        "repo": "flox-extras",
        "type": "github"
      }
    },
    "nixpkgs": {
      "locked": {
        "lastModified": 1666703756,
        "narHash": "sha256-GwpMJ1hT+z1fMAUkaGtvbvofJQwdVFDEGVhfE82+AUk=",
        "owner": "flox",
        "repo": "nixpkgs",
        "rev": "f994293d1eb8812f032e8919e10a594567cf6ef7",
        "type": "github"
      },
      "original": {
        "owner": "flox",
        "ref": "stable",
        "repo": "nixpkgs",
        "type": "github"
      }
    },
    "nixpkgs-stable": {
      "locked": {
        "lastModified": 1666703756,
        "narHash": "sha256-GwpMJ1hT+z1fMAUkaGtvbvofJQwdVFDEGVhfE82+AUk=",
        "owner": "flox",
        "repo": "nixpkgs",
        "rev": "f994293d1eb8812f032e8919e10a594567cf6ef7",
        "type": "github"
      },
      "original": {
        "owner": "flox",
        "ref": "stable",
        "repo": "nixpkgs",
        "type": "github"
      }
    },
    "nixpkgs-staging": {
      "locked": {
        "lastModified": 1669140675,
        "narHash": "sha256-npzfyfLECsJWgzK/M4gWhykP2DNAJTYjgY2BWkz/oEQ=",
        "owner": "flox",
        "repo": "nixpkgs",
        "rev": "2788904d26dda6cfa1921c5abb7a2466ffe3cb8c",
        "type": "github"
      },
      "original": {
        "owner": "flox",
        "ref": "staging",
        "repo": "nixpkgs",
        "type": "github"
      }
    },
    "nixpkgs-unstable": {
      "locked": {
        "lastModified": 1669140675,
        "narHash": "sha256-npzfyfLECsJWgzK/M4gWhykP2DNAJTYjgY2BWkz/oEQ=",
        "owner": "flox",
        "repo": "nixpkgs",
        "rev": "2788904d26dda6cfa1921c5abb7a2466ffe3cb8c",
        "type": "github"
      },
      "original": {
        "owner": "flox",
        "ref": "unstable",
        "repo": "nixpkgs",
        "type": "github"
      }
    },
    "nixpkgs_2": {
      "locked": {
        "lastModified": 1666703756,
        "narHash": "sha256-GwpMJ1hT+z1fMAUkaGtvbvofJQwdVFDEGVhfE82+AUk=",
        "owner": "flox",
        "repo": "nixpkgs",
        "rev": "f994293d1eb8812f032e8919e10a594567cf6ef7",
        "type": "github"
      },
      "original": {
        "owner": "flox",
        "ref": "stable",
        "repo": "nixpkgs",
        "type": "github"
      }
    },
    "nixpkgs__catalog__aarch64-darwin": {
      "flake": false,
      "locked": {
        "lastModified": 1669488439,
        "narHash": "sha256-0gHnZn5eBy0wEevS13WOCgwO11bkD9nNnMFEPdKNce0=",
        "owner": "flox",
        "repo": "nixpkgs-catalog",
        "rev": "6b427e8ed898fdbdcdd9597e2130efbd046a8f8a",
        "type": "github"
      },
      "original": {
        "owner": "flox",
        "ref": "aarch64-darwin",
        "repo": "nixpkgs-catalog",
        "type": "github"
      }
    },
    "nixpkgs__catalog__aarch64-linux": {
      "flake": false,
      "locked": {
        "lastModified": 1669488430,
        "narHash": "sha256-hVSWtjXSGU6rZKPgkCU3b5q/TFUidQ4c3KSrQF5FmrE=",
        "owner": "flox",
        "repo": "nixpkgs-catalog",
        "rev": "042eedfd69096681a792d00acc01277324dbc12d",
        "type": "github"
      },
      "original": {
        "owner": "flox",
        "ref": "aarch64-linux",
        "repo": "nixpkgs-catalog",
        "type": "github"
      }
    },
    "nixpkgs__catalog__x86_64-darwin": {
      "flake": false,
      "locked": {
        "lastModified": 1669488503,
        "narHash": "sha256-4Ocgnh8WKCEwYciIIayp+mtdQKhJpP6TweIhGp+8rnU=",
        "owner": "flox",
        "repo": "nixpkgs-catalog",
        "rev": "7b44b3230d52109bb9bfce5bf35ac1ff1fcd6fcb",
        "type": "github"
      },
      "original": {
        "owner": "flox",
        "ref": "x86_64-darwin",
        "repo": "nixpkgs-catalog",
        "type": "github"
      }
    },
    "nixpkgs__catalog__x86_64-linux": {
      "flake": false,
      "locked": {
        "lastModified": 1669488493,
        "narHash": "sha256-IasFqqOQo08txYLIPUe7wub6gVFykhWw0/rl2iqpuDw=",
        "owner": "flox",
        "repo": "nixpkgs-catalog",
        "rev": "bb7853dfc9ec8e7d82326f5dc8406cde09654efb",
        "type": "github"
      },
      "original": {
        "owner": "flox",
        "ref": "x86_64-linux",
        "repo": "nixpkgs-catalog",
        "type": "github"
      }
    },
    "root": {
      "inputs": {
        "capacitor": "capacitor",
        "flox-extras": "flox-extras",
        "nixpkgs": "nixpkgs_2",
        "nixpkgs-stable": "nixpkgs-stable",
        "nixpkgs-staging": "nixpkgs-staging",
        "nixpkgs-unstable": "nixpkgs-unstable",
        "nixpkgs__catalog__aarch64-darwin": "nixpkgs__catalog__aarch64-darwin",
        "nixpkgs__catalog__aarch64-linux": "nixpkgs__catalog__aarch64-linux",
        "nixpkgs__catalog__x86_64-darwin": "nixpkgs__catalog__x86_64-darwin",
        "nixpkgs__catalog__x86_64-linux": "nixpkgs__catalog__x86_64-linux"
      }
    }
  },
  "root": "root",
  "version": 7
}
